
Microsoft Visual Studio Solution File, Format Version 12.00
# Visual Studio 15
# VisualStudioVersion = 15.0.28307.329
VisualStudioVersion = 15.0.0+26228.9
MinimumVisualStudioVersion = 10.0.40219.1
Project("{9A19103F-16F7-4668-BE54-9A1E7A4F7556}") = "FarApi", "FarApi.csproj", "{C375E070-741A-4260-8325-DB3FE97E545C}"
EndProject
Global
	GlobalSection(SolutionConfigurationPlatforms) = preSolution
		Debug|Any CPU = Debug|Any CPU
		Release|Any CPU = Release|Any CPU
	EndGlobalSection
	GlobalSection(ProjectConfigurationPlatforms) = postSolution
		{C375E070-741A-4260-8325-DB3FE97E545C}.Debug|Any CPU.ActiveCfg = Debug|Any CPU
		{C375E070-741A-4260-8325-DB3FE97E545C}.Debug|Any CPU.Build.0 = Debug|Any CPU
		{C375E070-741A-4260-8325-DB3FE97E545C}.Release|Any CPU.ActiveCfg = Release|Any CPU
		{C375E070-741A-4260-8325-DB3FE97E545C}.Release|Any CPU.Build.0 = Release|Any CPU
	EndGlobalSection
	GlobalSection(SolutionProperties) = preSolution
		HideSolutionNode = FALSE
	EndGlobalSection
	GlobalSection(ExtensibilityGlobals) = postSolution
		SolutionGuid = {F94B4825-F8CA-4399-A77B-69DCD1CA42C7}
	EndGlobalSection
EndGlobal
